
Microsoft Visual Studio Solution File, Format Version 11.00
# Visual Studio 2010
Project("{FAE04EC0-301F-11D3-BF4B-00C04F79EFBC}") = "Scaffold", "Scaffold\Scaffold.csproj", "{8FB15AEA-E8BB-4545-BF57-FA3C4E5B59FA}"
EndProject
Project("{FAE04EC0-301F-11D3-BF4B-00C04F79EFBC}") = "Scaffold.Test", "Scaffold.Test\Scaffold.Test.csproj", "{6EF544DE-677A-45AE-A689-775DE0764C72}"
EndProject
Global
	GlobalSection(SolutionConfigurationPlatforms) = preSolution
		Debug|Any CPU = Debug|Any CPU
		Debug|Mixed Platforms = Debug|Mixed Platforms
		Debug|x86 = Debug|x86
		Release|Any CPU = Release|Any CPU
		Release|Mixed Platforms = Release|Mixed Platforms
		Release|x86 = Release|x86
	EndGlobalSection
	GlobalSection(ProjectConfigurationPlatforms) = postSolution
		{8FB15AEA-E8BB-4545-BF57-FA3C4E5B59FA}.Debug|Any CPU.ActiveCfg = Debug|x86
		{8FB15AEA-E8BB-4545-BF57-FA3C4E5B59FA}.Debug|Mixed Platforms.ActiveCfg = Debug|x86
		{8FB15AEA-E8BB-4545-BF57-FA3C4E5B59FA}.Debug|Mixed Platforms.Build.0 = Debug|x86
		{8FB15AEA-E8BB-4545-BF57-FA3C4E5B59FA}.Debug|x86.ActiveCfg = Debug|x86
		{8FB15AEA-E8BB-4545-BF57-FA3C4E5B59FA}.Debug|x86.Build.0 = Debug|x86
		{8FB15AEA-E8BB-4545-BF57-FA3C4E5B59FA}.Release|Any CPU.ActiveCfg = Release|x86
		{8FB15AEA-E8BB-4545-BF57-FA3C4E5B59FA}.Release|Mixed Platforms.ActiveCfg = Release|x86
		{8FB15AEA-E8BB-4545-BF57-FA3C4E5B59FA}.Release|Mixed Platforms.Build.0 = Release|x86
		{8FB15AEA-E8BB-4545-BF57-FA3C4E5B59FA}.Release|x86.ActiveCfg = Release|x86
		{8FB15AEA-E8BB-4545-BF57-FA3C4E5B59FA}.Release|x86.Build.0 = Release|x86
		{6EF544DE-677A-45AE-A689-775DE0764C72}.Debug|Any CPU.ActiveCfg = Debug|Any CPU
		{6EF544DE-677A-45AE-A689-775DE0764C72}.Debug|Any CPU.Build.0 = Debug|Any CPU
		{6EF544DE-677A-45AE-A689-775DE0764C72}.Debug|Mixed Platforms.ActiveCfg = Debug|Any CPU
		{6EF544DE-677A-45AE-A689-775DE0764C72}.Debug|Mixed Platforms.Build.0 = Debug|Any CPU
		{6EF544DE-677A-45AE-A689-775DE0764C72}.Debug|x86.ActiveCfg = Debug|Any CPU
		{6EF544DE-677A-45AE-A689-775DE0764C72}.Release|Any CPU.ActiveCfg = Release|Any CPU
		{6EF544DE-677A-45AE-A689-775DE0764C72}.Release|Any CPU.Build.0 = Release|Any CPU
		{6EF544DE-677A-45AE-A689-775DE0764C72}.Release|Mixed Platforms.ActiveCfg = Release|Any CPU
		{6EF544DE-677A-45AE-A689-775DE0764C72}.Release|Mixed Platforms.Build.0 = Release|Any CPU
		{6EF544DE-677A-45AE-A689-775DE0764C72}.Release|x86.ActiveCfg = Release|Any CPU
	EndGlobalSection
	GlobalSection(SolutionProperties) = preSolution
		HideSolutionNode = FALSE
	EndGlobalSection
EndGlobal
